{
  "nodes": {
    "nix-ros-overlay": {
      "flake": false,
      "locked": {
        "lastModified": 1765556412,
        "narHash": "sha256-A22gqDPMyCHGcYGDpKU0XzDwg1/mjj/HcLwXdsxanSA=",
        "owner": "lopsided98",
        "repo": "nix-ros-overlay",
        "rev": "3166e1d4f12f7f96b35dbb7f5ffb6bf33703f2cb",
        "type": "github"
      },
      "original": {
        "owner": "lopsided98",
        "repo": "nix-ros-overlay",
        "type": "github"
      }
    },
    "nix-ros-workspace": {
      "flake": false,
      "locked": {
        "lastModified": 1749001346,
        "narHash": "sha256-q2xrIUD+kgyxGXp6oi7QW0QzxL6PsOODRoj/ru9P9ig=",
        "owner": "hacker1024",
        "repo": "nix-ros-workspace",
        "rev": "e341a5fd27af73be15bc0396c5745c54398193aa",
        "type": "github"
      },
      "original": {
        "owner": "hacker1024",
        "repo": "nix-ros-workspace",
        "type": "github"
      }
    },
    "nixos-hardware": {
      "locked": {
        "lastModified": 1764440730,
        "narHash": "sha256-ZlJTNLUKQRANlLDomuRWLBCH5792x+6XUJ4YdFRjtO4=",
        "owner": "NixOS",
        "repo": "nixos-hardware",
        "rev": "9154f4569b6cdfd3c595851a6ba51bfaa472d9f3",
        "type": "github"
      },
      "original": {
        "owner": "NixOS",
        "repo": "nixos-hardware",
        "type": "github"
      }
    },
    "nixpkgs": {
      "locked": {
        "lastModified": 1744849697,
        "narHash": "sha256-S9hqvanPSeRu6R4cw0OhvH1rJ+4/s9xIban9C4ocM/0=",
        "owner": "lopsided98",
        "repo": "nixpkgs",
        "rev": "6318f538166fef9f5118d8d78b9b43a04bb049e4",
        "type": "github"
      },
      "original": {
        "owner": "lopsided98",
        "ref": "nix-ros",
        "repo": "nixpkgs",
        "type": "github"
      }
    },
    "polyflowRos": {
      "flake": false,
      "locked": {
        "lastModified": 1765565962,
        "narHash": "sha256-rF1h5AczcGBOKPCBTok6TvRwOVwQjn/Texbp9//T2pc=",
        "owner": "polyflowrobotics",
        "repo": "polyflow-ros",
        "rev": "7faf9fbe36baaa5ee0c2987db3185058fc729f4c",
        "type": "github"
      },
      "original": {
        "owner": "polyflowrobotics",
        "repo": "polyflow-ros",
        "type": "github"
      }
    },
    "pyproject-build-systems": {
      "inputs": {
        "nixpkgs": [
          "nixpkgs"
        ],
        "pyproject-nix": [
          "pyproject-nix"
        ],
        "uv2nix": [
          "uv2nix"
        ]
      },
      "locked": {
        "lastModified": 1763662255,
        "narHash": "sha256-4bocaOyLa3AfiS8KrWjZQYu+IAta05u3gYZzZ6zXbT0=",
        "owner": "pyproject-nix",
        "repo": "build-system-pkgs",
        "rev": "042904167604c681a090c07eb6967b4dd4dae88c",
        "type": "github"
      },
      "original": {
        "owner": "pyproject-nix",
        "repo": "build-system-pkgs",
        "type": "github"
      }
    },
    "pyproject-nix": {
      "inputs": {
        "nixpkgs": [
          "nixpkgs"
        ]
      },
      "locked": {
        "lastModified": 1764134915,
        "narHash": "sha256-xaKvtPx6YAnA3HQVp5LwyYG1MaN4LLehpQI8xEdBvBY=",
        "owner": "pyproject-nix",
        "repo": "pyproject.nix",
        "rev": "2c8df1383b32e5443c921f61224b198a2282a657",
        "type": "github"
      },
      "original": {
        "owner": "pyproject-nix",
        "repo": "pyproject.nix",
        "type": "github"
      }
    },
    "root": {
      "inputs": {
        "nix-ros-overlay": "nix-ros-overlay",
        "nix-ros-workspace": "nix-ros-workspace",
        "nixos-hardware": "nixos-hardware",
        "nixpkgs": "nixpkgs",
        "polyflowRos": "polyflowRos",
        "pyproject-build-systems": "pyproject-build-systems",
        "pyproject-nix": "pyproject-nix",
        "sops-nix": "sops-nix",
        "uv2nix": "uv2nix"
      }
    },
    "sops-nix": {
      "inputs": {
        "nixpkgs": [
          "nixpkgs"
        ]
      },
      "locked": {
        "lastModified": 1765553226,
        "narHash": "sha256-Ii16Nq5jL2wURXpV3D3tOM3vPpbKh18roHLkyZCHK4Q=",
        "owner": "Mic92",
        "repo": "sops-nix",
        "rev": "496a6f625f63b780ce849891868f2fad22fd49c6",
        "type": "github"
      },
      "original": {
        "owner": "Mic92",
        "repo": "sops-nix",
        "type": "github"
      }
    },
    "uv2nix": {
      "inputs": {
        "nixpkgs": [
          "nixpkgs"
        ],
        "pyproject-nix": [
          "pyproject-nix"
        ]
      },
      "locked": {
        "lastModified": 1764992234,
        "narHash": "sha256-qBbyM1Gnvs/ncbnWfbBboMyevelz+owIdSN5Sg89wzw=",
        "owner": "pyproject-nix",
        "repo": "uv2nix",
        "rev": "1610e554e579c3d47b47c8a32d47042116d0e153",
        "type": "github"
      },
      "original": {
        "owner": "pyproject-nix",
        "repo": "uv2nix",
        "type": "github"
      }
    }
  },
  "root": "root",
  "version": 7
}
